<Solution>
  <Folder Name="/Solution Items/">
    <File Path=".editorconfig" />
    <File Path="Directory.Build.props" />
    <File Path="Directory.Packages.props" />
  </Folder>

  <Folder Name="/src/" />
  <Folder Name="/src/BuildingBlocks/">
    <Project Path="src/BuildingBlocks/Simulab.Ai/Simulab.Ai.csproj" />
    <Project Path="src/BuildingBlocks/Simulab.Ai.Contracts/Simulab.Ai.Contracts.csproj" />
    <Project Path="src/BuildingBlocks/Simulab.ApiResults/Simulab.ApiResults.csproj" />
    <Project Path="src/BuildingBlocks/Simulab.Email/Simulab.Email.csproj" />
    <Project Path="src/BuildingBlocks/Simulab.Jobs/Simulab.Jobs.csproj" />
    <Project Path="src/BuildingBlocks/Simulab.Persistence/Simulab.Persistence.csproj" />
    <Project Path="src/BuildingBlocks/Simulab.SharedKernel/Simulab.SharedKernel.csproj" />
  </Folder>
  <Folder Name="/src/Hosts/">
    <Project Path="src/Hosts/Simulab.Api/Simulab.Api.csproj" />
    <Project Path="src/Hosts/Simulab.AppHost/Simulab.AppHost.csproj" />
    <Project Path="src/Hosts/Simulab.ServiceDefaults/Simulab.ServiceDefaults.csproj" />
    <Project Path="src/Hosts/Simulab.Web/Simulab.Web.csproj" />
  </Folder>
  <Folder Name="/src/Modules/" />
  <Folder Name="/src/Modules/Catalog/">
    <Project Path="src/Modules/Catalog/Simulab.Catalog.Api/Simulab.Catalog.Api.csproj" />
    <Project Path="src/Modules/Catalog/Simulab.Catalog.Application/Simulab.Catalog.Application.csproj" />
    <Project Path="src/Modules/Catalog/Simulab.Catalog.Contracts/Simulab.Catalog.Contracts.csproj" />
    <Project Path="src/Modules/Catalog/Simulab.Catalog.Domain/Simulab.Catalog.Domain.csproj" />
    <Project Path="src/Modules/Catalog/Simulab.Catalog.Infrastructure/Simulab.Catalog.Infrastructure.csproj" />
  </Folder>
  <Folder Name="/src/Modules/Identity/">
    <Project Path="src/Modules/Identity/Simulab.Identity.Api/Simulab.Identity.Api.csproj" />
    <Project Path="src/Modules/Identity/Simulab.Identity.Application/Simulab.Identity.Application.csproj" />
    <Project Path="src/Modules/Identity/Simulab.Identity.Contracts/Simulab.Identity.Contracts.csproj" />
    <Project Path="src/Modules/Identity/Simulab.Identity.Domain/Simulab.Identity.Domain.csproj" />
    <Project Path="src/Modules/Identity/Simulab.Identity.Infrastructure/Simulab.Identity.Infrastructure.csproj" />
  </Folder>
  <Folder Name="/src/Modules/Plans/">
    <Project Path="src/Modules/Plans/Simulab.Plans.Contracts/Simulab.Plans.Contracts.csproj" />
  </Folder>
  <Folder Name="/tests/">
    <Project Path="tests/Simulab.ArchitectureTests/Simulab.ArchitectureTests.csproj" />
    <Project Path="tests/Simulab.Testing/Simulab.Testing.csproj" />
    <Project Path="tests/Simulab.Testing.ApiHost/Simulab.Testing.ApiHost.csproj" />
  </Folder>
  <Folder Name="/tests/BuildingBlocks/">
    <Project Path="tests/BuildingBlocks/Simulab.Ai.Tests/Simulab.Ai.Tests.csproj" />
    <Project Path="tests/BuildingBlocks/Simulab.Email.Tests/Simulab.Email.Tests.csproj" />
    <Project Path="tests/BuildingBlocks/Simulab.Jobs.Tests/Simulab.Jobs.Tests.csproj" />
    <Project Path="tests/BuildingBlocks/Simulab.Persistence.Tests/Simulab.Persistence.Tests.csproj" />
    <Project Path="tests/BuildingBlocks/Simulab.SharedKernel.Tests/Simulab.SharedKernel.Tests.csproj" />
  </Folder>
  <Folder Name="/tests/Hosts/">
    <Project Path="tests/Hosts/Simulab.Api.Tests/Simulab.Api.Tests.csproj" />
    <Project Path="tests/Hosts/Simulab.AppHost.Tests/Simulab.AppHost.Tests.csproj" />
    <Project Path="tests/Hosts/Simulab.Web.Tests/Simulab.Web.Tests.csproj" />
  </Folder>
  <Folder Name="/tests/Modules/" />
  <Folder Name="/tests/Modules/Catalog/">
    <Project Path="tests/Modules/Catalog/Simulab.Catalog.Tests/Simulab.Catalog.Tests.csproj" />
  </Folder>
  <Folder Name="/tests/Modules/Identity/">
    <Project Path="tests/Modules/Identity/Simulab.Identity.Tests/Simulab.Identity.Tests.csproj" />
  </Folder>
  <Folder Name="/tools/">
    <Project Path="tools/Simulab.DocGen/Simulab.DocGen.csproj" />
  </Folder>
</Solution>
