<Solution>
  <Folder Name="/src/">
    <Project Path="src/Simulab.Api/Simulab.Api.csproj" />
    <Project Path="src/Simulab.AppHost/Simulab.AppHost.csproj" />
    <Project Path="src/Simulab.ServiceDefaults/Simulab.ServiceDefaults.csproj" />
    <Project Path="src/Simulab.SharedKernel/Simulab.SharedKernel.csproj" />
    <Project Path="src/Simulab.Web/Simulab.Web.csproj" />
  </Folder>
  <Folder Name="/tests/">
    <Project Path="tests/Simulab.Api.Tests/Simulab.Api.Tests.csproj" />
    <Project Path="tests/Simulab.ArchitectureTests/Simulab.ArchitectureTests.csproj" />
    <Project Path="tests/Simulab.SharedKernel.Tests/Simulab.SharedKernel.Tests.csproj" />
    <Project Path="tests/Simulab.Web.Tests/Simulab.Web.Tests.csproj" />
  </Folder>
</Solution>
